# THIS IS AN AUTOGENERATED FILE. DO NOT EDIT THIS FILE DIRECTLY.
# yarn lockfile v1


"@babel/runtime@^7.16.3":
  version "7.17.0"
  resolved "https://registry.yarnpkg.com/@babel/runtime/-/runtime-7.17.0.tgz#b8d142fc0f7664fb3d9b5833fd40dcbab89276c0"
  integrity sha512-etcO/ohMNaNA2UBdaXBBSX/3aEzFMRrVfaPv8Ptc0k+cWpWW0QFiGZ2XnVqQZI1Cf734LbPGmqBKWESfW4x/dQ==
  dependencies:
    regenerator-runtime "^0.13.4"

"@next/env@12.0.10":
  version "12.0.10"
  resolved "https://registry.yarnpkg.com/@next/env/-/env-12.0.10.tgz#561640fd62279218ccd2798ae907bae8d94a7730"
  integrity sha512-mQVj0K6wQ5WEk/sL9SZ+mJXJUaG7el8CpZ6io1uFe9GgNTSC7EgUyNGqM6IQovIFc5ukF4O/hqsdh3S/DCgT2g==

"@next/swc-android-arm64@12.0.10":
  version "12.0.10"
  resolved "https://registry.yarnpkg.com/@next/swc-android-arm64/-/swc-android-arm64-12.0.10.tgz#fd9d716433cc9d361021b0052f8b002bcaff948d"
  integrity sha512-xYwXGkNhzZZsM5MD7KRwF5ZNiC8OLPtVMUiagpPnwENg8Hb0GSQo/NbYWXM8YrawEwp9LaZ7OXiuRKPh2JyBdA==

"@next/swc-darwin-arm64@12.0.10":
  version "12.0.10"
  resolved "https://registry.yarnpkg.com/@next/swc-darwin-arm64/-/swc-darwin-arm64-12.0.10.tgz#34b2d0dc62eb89efb9176af111e3820a11fdb3f0"
  integrity sha512-f2zngulkpIJKWHckhRi7X8GZ+J/tNgFF7lYIh7Qx15JH0OTBsjkqxORlkzy+VZyHJ5sWTCaI6HYYd3ow6qkEEg==

"@next/swc-darwin-x64@12.0.10":
  version "12.0.10"
  resolved "https://registry.yarnpkg.com/@next/swc-darwin-x64/-/swc-darwin-x64-12.0.10.tgz#a4306795159293c7d4d58a2c88ce1710ff0a8baa"
  integrity sha512-Qykcu/gVC5oTvOQoRBhyuS5GYm5SbcgrFTsaLFkGBmEkg9eMQRiaCswk4IafpDXVzITkVFurzSM28q3tLW2qUw==

"@next/swc-linux-arm-gnueabihf@12.0.10":
  version "12.0.10"
  resolved "https://registry.yarnpkg.com/@next/swc-linux-arm-gnueabihf/-/swc-linux-arm-gnueabihf-12.0.10.tgz#1ad15af3d5fca2fef57894d61e16f73aee61ec2e"
  integrity sha512-EhqrTFsIXAXN9B/fiiW/QKUK/lSLCXRsLalkUp58KDfMqVLLlj1ORbESAcswiNQOChLuHQSldGEEtOBPQZcd9A==

"@next/swc-linux-arm64-gnu@12.0.10":
  version "12.0.10"
  resolved "https://registry.yarnpkg.com/@next/swc-linux-arm64-gnu/-/swc-linux-arm64-gnu-12.0.10.tgz#a84a92d0e1a179c4346c9ed8f22e26f708101ad6"
  integrity sha512-kqGtC72g3+JYXZbY2ca6digXR5U6AQ6Dzv4eAxYluMePLHjI/Xye1mf9dwVsgmeXfrD/IRDp5K/3A6UNvBm4oQ==

"@next/swc-linux-arm64-musl@12.0.10":
  version "12.0.10"
  resolved "https://registry.yarnpkg.com/@next/swc-linux-arm64-musl/-/swc-linux-arm64-musl-12.0.10.tgz#973ec96c77f845bd0a6eecbf1892caa1ee4defaf"
  integrity sha512-bG9zTSNwnSgc1Un/7oz1ZVN4UeXsTWrsQhAGWU78lLLCn4Zj9HQoUCRCGLt0OVs2DBZ+WC8CzzFliQ1SKipVbg==

"@next/swc-linux-x64-gnu@12.0.10":
  version "12.0.10"
  resolved "https://registry.yarnpkg.com/@next/swc-linux-x64-gnu/-/swc-linux-x64-gnu-12.0.10.tgz#efcc7f8252ea8225834760eaf09350f1bead73f7"
  integrity sha512-c79PcfWtyThiYRa1+3KVfDq0zXaI8o1d6dQWNVqDrtLz5HKM/rbjLdvoNuxDwUeZhxI/d9CtyH6GbuKPw5l/5A==

"@next/swc-linux-x64-musl@12.0.10":
  version "12.0.10"
  resolved "https://registry.yarnpkg.com/@next/swc-linux-x64-musl/-/swc-linux-x64-musl-12.0.10.tgz#c2a73d939dfd310acc1892a0a132762500dd5757"
  integrity sha512-g/scgn+21/MLfizOCZOZt+MxNj2/8Tdlwjvy+QZcSUPZRUI2Y5o3HwBvI1f/bSci+NGRU+bUAO0NFtRJ9MzH5w==

"@next/swc-win32-arm64-msvc@12.0.10":
  version "12.0.10"
  resolved "https://registry.yarnpkg.com/@next/swc-win32-arm64-msvc/-/swc-win32-arm64-msvc-12.0.10.tgz#2316af5f612cde1691abdf2571ff40ec32ea3429"
  integrity sha512-gl6B/ravwMeY5Nv4Il2/ARYJQ6u+KPRwGMjS1ZrNudIKlNn4YBeXh5A4cIVm+dHaff6/O/lGOa5/SUYDMZpkww==

"@next/swc-win32-ia32-msvc@12.0.10":
  version "12.0.10"
  resolved "https://registry.yarnpkg.com/@next/swc-win32-ia32-msvc/-/swc-win32-ia32-msvc-12.0.10.tgz#98a4f74d164871cfaccb0df6efddf2b7bcbaa54b"
  integrity sha512-7RVpZ3tSThC6j+iZB0CUYmFiA3kXmN+pE7QcfyAxFaflKlaZoWNMKHIEZDuxSJc6YmQ6kyxsjqxVay2F5+/YCg==

"@next/swc-win32-x64-msvc@12.0.10":
  version "12.0.10"
  resolved "https://registry.yarnpkg.com/@next/swc-win32-x64-msvc/-/swc-win32-x64-msvc-12.0.10.tgz#5c0ba98b695c4be44d8793aff42971a0dac65c2d"
  integrity sha512-oUIWRKd24jFLRWUYO1CZmML5+32BcpVfqhimGaaZIXcOkfQW+iqiAzdqsv688zaGtyKGeB9ZtiK3NDf+Q0v+Vw==

"@panva/hkdf@^1.0.1":
  version "1.0.1"
  resolved "https://registry.yarnpkg.com/@panva/hkdf/-/hkdf-1.0.1.tgz#ed0da773bd5f794d0603f5a5b5cee6d2354e5660"
  integrity sha512-mMyQ9vjpuFqePkfe5bZVIf/H3Dmk6wA8Kjxff9RcO4kqzJo+Ek9pGKwZHpeMr7Eku0QhLXMCd7fNCSnEnRMubg==

"@stripe/stripe-js@^1.22.0":
  version "1.22.0"
  resolved "https://registry.yarnpkg.com/@stripe/stripe-js/-/stripe-js-1.22.0.tgz#9d3d2f0a1ce81f185ec477fd7cc67544b2b2a00c"
  integrity sha512-fm8TR8r4LwbXgBIYdPmeMjJJkxxFC66tvoliNnmXOpUgZSgQKoNPW3ON0ZphZIiif1oqWNhAaSrr7tOvGu+AFg==

"@types/axios@^0.14.0":
  version "0.14.0"
  resolved "https://registry.yarnpkg.com/@types/axios/-/axios-0.14.0.tgz#ec2300fbe7d7dddd7eb9d3abf87999964cafce46"
  integrity sha1-7CMA++fX3d1+udOr+HmZlkyvzkY=
  dependencies:
    axios "*"

"@types/node@>=8.1.0", "@types/node@^17.0.14":
  version "17.0.14"
  resolved "https://registry.yarnpkg.com/@types/node/-/node-17.0.14.tgz#33b9b94f789a8fedd30a68efdbca4dbb06b61f20"
  integrity sha512-SbjLmERksKOGzWzPNuW7fJM7fk3YXVTFiZWB/Hs99gwhk+/dnrQRPBQjPW9aO+fi1tAffi9PrwFvsmOKmDTyng==

"@types/prop-types@*":
  version "15.7.4"
  resolved "https://registry.yarnpkg.com/@types/prop-types/-/prop-types-15.7.4.tgz#fcf7205c25dff795ee79af1e30da2c9790808f11"
  integrity sha512-rZ5drC/jWjrArrS8BR6SIr4cWpW09RNTYt9AMZo3Jwwif+iacXAqgVjm0B0Bv/S1jhDXKHqRVNCbACkJ89RAnQ==

"@types/react@^17.0.39":
  version "17.0.39"
  resolved "https://registry.yarnpkg.com/@types/react/-/react-17.0.39.tgz#d0f4cde092502a6db00a1cded6e6bf2abb7633ce"
  integrity sha512-UVavlfAxDd/AgAacMa60Azl7ygyQNRwC/DsHZmKgNvPmRR5p70AJ5Q9EAmL2NWOJmeV+vVUI4IAP7GZrN8h8Ug==
  dependencies:
    "@types/prop-types" "*"
    "@types/scheduler" "*"
    csstype "^3.0.2"

"@types/scheduler@*":
  version "0.16.2"
  resolved "https://registry.yarnpkg.com/@types/scheduler/-/scheduler-0.16.2.tgz#1a62f89525723dde24ba1b01b092bf5df8ad4d39"
  integrity sha512-hppQEBDmlwhFAXKJX2KnWLYu5yMfi91yazPb2l+lbJiwW+wdo1gNeRA+3RgNSO39WYX2euey41KEwnqesU2Jew==

ansi-align@^3.0.0:
  version "3.0.1"
  resolved "https://registry.yarnpkg.com/ansi-align/-/ansi-align-3.0.1.tgz#0cdf12e111ace773a86e9a1fad1225c43cb19a59"
  integrity sha512-IOfwwBF5iczOjp/WeY4YxyjqAFMQoZufdQWDd19SEExbVLNXqvpzSJ/M7Za4/sCPmQ0+GRquoA7bGcINcxew6w==
  dependencies:
    string-width "^4.1.0"

ansi-regex@^5.0.1:
  version "5.0.1"
  resolved "https://registry.yarnpkg.com/ansi-regex/-/ansi-regex-5.0.1.tgz#082cb2c89c9fe8659a311a53bd6a4dc5301db304"
  integrity sha512-quJQXlTSUGL2LH9SUXo8VwsY4soanhgo6LNSm84E1LBcE8s3O0wpdiRzyR9z/ZZJMlMWv37qOOb9pdJlMUEKFQ==

ansi-styles@^4.0.0, ansi-styles@^4.1.0:
  version "4.3.0"
  resolved "https://registry.yarnpkg.com/ansi-styles/-/ansi-styles-4.3.0.tgz#edd803628ae71c04c85ae7a0906edad34b648937"
  integrity sha512-zbB9rCJAT1rbjiVDb2hqKFHNYLxgtk8NURxZ3IZwD3F6NtxbXZQCnnSi1Lkx+IDohdPlFp222wVALIheZJQSEg==
  dependencies:
    color-convert "^2.0.1"

anymatch@~3.1.2:
  version "3.1.2"
  resolved "https://registry.yarnpkg.com/anymatch/-/anymatch-3.1.2.tgz#c0557c096af32f106198f4f4e2a383537e378716"
  integrity sha512-P43ePfOAIupkguHUycrc4qJ9kz8ZiuOUijaETwX7THt0Y/GNK7v0aa8rY816xWjZ7rJdA5XdMcpVFTKMq+RvWg==
  dependencies:
    normalize-path "^3.0.0"
    picomatch "^2.0.4"

axios@*, axios@^0.25.0:
  version "0.25.0"
  resolved "https://registry.yarnpkg.com/axios/-/axios-0.25.0.tgz#349cfbb31331a9b4453190791760a8d35b093e0a"
  integrity sha512-cD8FOb0tRH3uuEe6+evtAbgJtfxr7ly3fQjYcMcuPlgkwVS9xboaVIpcDV+cYQe+yGykgwZCs1pzjntcGa6l5g==
  dependencies:
    follow-redirects "^1.14.7"

base64-js@^1.2.0:
  version "1.5.1"
  resolved "https://registry.yarnpkg.com/base64-js/-/base64-js-1.5.1.tgz#1b1b440160a5bf7ad40b650f095963481903930a"
  integrity sha512-AKpaYlHn8t4SVbOHCy+b5+KKgvR4vrsD8vbvrbiQJps7fKDTkjkDry6ji0rUJjC0kzbNePLwzxq8iypo41qeWA==

binary-extensions@^2.0.0:
  version "2.2.0"
  resolved "https://registry.yarnpkg.com/binary-extensions/-/binary-extensions-2.2.0.tgz#75f502eeaf9ffde42fc98829645be4ea76bd9e2d"
  integrity sha512-jDctJ/IVQbZoJykoeHbhXpOlNBqGNcwXJKJog42E5HDPUwQTSdjCHdihjj0DlnheQ7blbT6dHOafNAiS8ooQKA==

boxen@^5.0.1:
  version "5.1.2"
  resolved "https://registry.yarnpkg.com/boxen/-/boxen-5.1.2.tgz#788cb686fc83c1f486dfa8a40c68fc2b831d2b50"
  integrity sha512-9gYgQKXx+1nP8mP7CzFyaUARhg7D3n1dF/FnErWmu9l6JvGpNUN278h0aSb+QjoiKSWG+iZ3uHrcqk0qrY9RQQ==
  dependencies:
    ansi-align "^3.0.0"
    camelcase "^6.2.0"
    chalk "^4.1.0"
    cli-boxes "^2.2.1"
    string-width "^4.2.2"
    type-fest "^0.20.2"
    widest-line "^3.1.0"
    wrap-ansi "^7.0.0"

braces@~3.0.2:
  version "3.0.2"
  resolved "https://registry.yarnpkg.com/braces/-/braces-3.0.2.tgz#3454e1a462ee8d599e236df336cd9ea4f8afe107"
  integrity sha512-b8um+L1RzM3WDSzvhm6gIz1yfTbBt6YTlcEKAvsmqCZZFw46z626lVj9j1yEPW33H5H+lBQpZMP1k8l+78Ha0A==
  dependencies:
    fill-range "^7.0.1"

btoa-lite@^1.0.0:
  version "1.0.0"
  resolved "https://registry.yarnpkg.com/btoa-lite/-/btoa-lite-1.0.0.tgz#337766da15801210fdd956c22e9c6891ab9d0337"
  integrity sha1-M3dm2hWAEhD92VbCLpxokaudAzc=

call-bind@^1.0.0:
  version "1.0.2"
  resolved "https://registry.yarnpkg.com/call-bind/-/call-bind-1.0.2.tgz#b1d4e89e688119c3c9a903ad30abb2f6a919be3c"
  integrity sha512-7O+FbCihrB5WGbFYesctwmTKae6rOiIzmz1icreWJ+0aA7LJfuqhEso2T9ncpcFtzMQtzXf2QGGueWJGTYsqrA==
  dependencies:
    function-bind "^1.1.1"
    get-intrinsic "^1.0.2"

camelcase@^6.2.0:
  version "6.3.0"
  resolved "https://registry.yarnpkg.com/camelcase/-/camelcase-6.3.0.tgz#5685b95eb209ac9c0c177467778c9c84df58ba9a"
  integrity sha512-Gmy6FhYlCY7uOElZUSbxo2UCDH8owEk996gkbrpsgGtrJLM3J7jGxl9Ic7Qwwj4ivOE5AWZWRMecDdF7hqGjFA==

caniuse-lite@^1.0.30001283:
  version "1.0.30001307"
  resolved "https://registry.yarnpkg.com/caniuse-lite/-/caniuse-lite-1.0.30001307.tgz#27a67f13ebc4aa9c977e6b8256a11d5eafb30f27"
  integrity sha512-+MXEMczJ4FuxJAUp0jvAl6Df0NI/OfW1RWEE61eSmzS7hw6lz4IKutbhbXendwq8BljfFuHtu26VWsg4afQ7Ng==

chalk@^4.1.0, chalk@^4.1.1:
  version "4.1.2"
  resolved "https://registry.yarnpkg.com/chalk/-/chalk-4.1.2.tgz#aac4e2b7734a740867aeb16bf02aad556a1e7a01"
  integrity sha512-oKnbhFyRIXpUuez8iBMmyEa4nbj4IOQyuhc/wy9kY7/WVPcwIO9VA668Pu8RkO7+0G76SLROeyw9CpQ061i4mA==
  dependencies:
    ansi-styles "^4.1.0"
    supports-color "^7.1.0"

"chokidar@>=3.0.0 <4.0.0":
  version "3.5.3"
  resolved "https://registry.yarnpkg.com/chokidar/-/chokidar-3.5.3.tgz#1cf37c8707b932bd1af1ae22c0432e2acd1903bd"
  integrity sha512-Dr3sfKRP6oTcjf2JmUmFJfeVMvXBdegxB0iVQ5eb2V10uFJUCAS8OByZdVAyVb8xXNz3GjjTgj9kLWsZTqE6kw==
  dependencies:
    anymatch "~3.1.2"
    braces "~3.0.2"
    glob-parent "~5.1.2"
    is-binary-path "~2.1.0"
    is-glob "~4.0.1"
    normalize-path "~3.0.0"
    readdirp "~3.6.0"
  optionalDependencies:
    fsevents "~2.3.2"

cli-boxes@^2.2.1:
  version "2.2.1"
  resolved "https://registry.yarnpkg.com/cli-boxes/-/cli-boxes-2.2.1.tgz#ddd5035d25094fce220e9cab40a45840a440318f"
  integrity sha512-y4coMcylgSCdVinjiDBuR8PCC2bLjyGTwEmPb9NHR/QaNU6EUOXcTY/s6VjGMD6ENSEaeQYHCY0GNGS5jfMwPw==

color-convert@^2.0.1:
  version "2.0.1"
  resolved "https://registry.yarnpkg.com/color-convert/-/color-convert-2.0.1.tgz#72d3a68d598c9bdb3af2ad1e84f21d896abd4de3"
  integrity sha512-RRECPsj7iu/xb5oKYcsFHSppFNnsj/52OVTRKb4zP5onXwVF3zVmmToNcOfGC+CRDpfK/U584fMg38ZHCaElKQ==
  dependencies:
    color-name "~1.1.4"

color-name@~1.1.4:
  version "1.1.4"
  resolved "https://registry.yarnpkg.com/color-name/-/color-name-1.1.4.tgz#c2a09a87acbde69543de6f63fa3995c826c536a2"
  integrity sha512-dOy+3AuW3a2wNbZHIuMZpTcgjGuLU/uBL/ubcZF9OXbDo8ff4O8yVp5Bf0efS8uEoYo5q4Fx7dY9OgQGXgAsQA==

cookie@^0.4.1:
  version "0.4.2"
  resolved "https://registry.yarnpkg.com/cookie/-/cookie-0.4.2.tgz#0e41f24de5ecf317947c82fc789e06a884824432"
  integrity sha512-aSWTXFzaKWkvHO1Ny/s+ePFpvKsPnjc551iI41v3ny/ow6tBG5Vd+FuqGNhh1LxOmVzOlGUriIlOaokOvhaStA==

cross-fetch@^3.1.5:
  version "3.1.5"
  resolved "https://registry.yarnpkg.com/cross-fetch/-/cross-fetch-3.1.5.tgz#e1389f44d9e7ba767907f7af8454787952ab534f"
  integrity sha512-lvb1SBsI0Z7GDwmuid+mU3kWVBwTVUbe7S0H52yaaAdQOXq2YktTCZdlAcNKFzE6QtRz0snpw9bNiPeOIkkQvw==
  dependencies:
    node-fetch "2.6.7"

csstype@^3.0.2:
  version "3.0.10"
  resolved "https://registry.yarnpkg.com/csstype/-/csstype-3.0.10.tgz#2ad3a7bed70f35b965707c092e5f30b327c290e5"
  integrity sha512-2u44ZG2OcNUO9HDp/Jl8C07x6pU/eTR3ncV91SiK3dhG9TWvRVsCoJw14Ckx5DgWkzGA3waZWO3d7pgqpUI/XA==

dotenv@^8.2.0:
  version "8.6.0"
  resolved "https://registry.yarnpkg.com/dotenv/-/dotenv-8.6.0.tgz#061af664d19f7f4d8fc6e4ff9b584ce237adcb8b"
  integrity sha512-IrPdXQsk2BbzvCBGBOTmmSH5SodmqZNt4ERAZDmW4CT+tL8VtvinqywuANaFu4bOMWki16nqf0e4oC0QIaDr/g==

emoji-regex@^8.0.0:
  version "8.0.0"
  resolved "https://registry.yarnpkg.com/emoji-regex/-/emoji-regex-8.0.0.tgz#e818fd69ce5ccfcb404594f842963bf53164cc37"
  integrity sha512-MSjYzcWNOA0ewAHpz0MxpYFvwg6yjy1NG3xteoqz644VCo/RPgnr1/GGt+ic3iJTzQ8Eu3TdM14SawnVUmGE6A==

faunadb@^4.5.2:
  version "4.5.2"
  resolved "https://registry.yarnpkg.com/faunadb/-/faunadb-4.5.2.tgz#b58175f2da62d7655e4c13ee0478898d174cbde2"
  integrity sha512-XQ2yDoPZc5/IqC4eS4tP5tjewFbAK8UdQYLDGlUiJy5E9F3rpvYCMdjlkRWcaxOMD2yPYr8NSoql10zy1CNoCA==
  dependencies:
    base64-js "^1.2.0"
    boxen "^5.0.1"
    btoa-lite "^1.0.0"
    chalk "^4.1.1"
    cross-fetch "^3.1.5"
    dotenv "^8.2.0"
    fn-annotate "^1.1.3"
    node-abort-controller "^3.0.1"
    object-assign "^4.1.0"
    util-deprecate "^1.0.2"

fill-range@^7.0.1:
  version "7.0.1"
  resolved "https://registry.yarnpkg.com/fill-range/-/fill-range-7.0.1.tgz#1919a6a7c75fe38b2c7c77e5198535da9acdda40"
  integrity sha512-qOo9F+dMUmC2Lcb4BbVvnKJxTPjCm+RRpe4gDuGrzkL7mEVl/djYSu2OdQ2Pa302N4oqkSg9ir6jaLWJ2USVpQ==
  dependencies:
    to-regex-range "^5.0.1"

fn-annotate@^1.1.3:
  version "1.2.0"
  resolved "https://registry.yarnpkg.com/fn-annotate/-/fn-annotate-1.2.0.tgz#28da000117dea61842fe61f353f41cf4c93a7a7e"
  integrity sha1-KNoAARfephhC/mHzU/Qc9Mk6en4=

follow-redirects@^1.14.7:
  version "1.14.7"
  resolved "https://registry.yarnpkg.com/follow-redirects/-/follow-redirects-1.14.7.tgz#2004c02eb9436eee9a21446a6477debf17e81685"
  integrity sha512-+hbxoLbFMbRKDwohX8GkTataGqO6Jb7jGwpAlwgy2bIz25XtRm7KEzJM76R1WiNT5SwZkX4Y75SwBolkpmE7iQ==

fsevents@~2.3.2:
  version "2.3.2"
  resolved "https://registry.yarnpkg.com/fsevents/-/fsevents-2.3.2.tgz#8a526f78b8fdf4623b709e0b975c52c24c02fd1a"
  integrity sha512-xiqMQR4xAeHTuB9uWm+fFRcIOgKBMiOBP+eXiyT7jsgVCq1bkVygt00oASowB7EdtpOHaaPgKt812P9ab+DDKA==

function-bind@^1.1.1:
  version "1.1.1"
  resolved "https://registry.yarnpkg.com/function-bind/-/function-bind-1.1.1.tgz#a56899d3ea3c9bab874bb9773b7c5ede92f4895d"
  integrity sha512-yIovAzMX49sF8Yl58fSCWJ5svSLuaibPxXQJFLmBObTuCr0Mf1KiPopGM9NiFjiYBCbfaa2Fh6breQ6ANVTI0A==

get-intrinsic@^1.0.2:
  version "1.1.1"
  resolved "https://registry.yarnpkg.com/get-intrinsic/-/get-intrinsic-1.1.1.tgz#15f59f376f855c446963948f0d24cd3637b4abc6"
  integrity sha512-kWZrnVM42QCiEA2Ig1bG8zjoIMOgxWwYCEeNdwY6Tv/cOSeGpcoX4pXHfKUxNKVoArnrEr2e9srnAxxGIraS9Q==
  dependencies:
    function-bind "^1.1.1"
    has "^1.0.3"
    has-symbols "^1.0.1"

glob-parent@~5.1.2:
  version "5.1.2"
  resolved "https://registry.yarnpkg.com/glob-parent/-/glob-parent-5.1.2.tgz#869832c58034fe68a4093c17dc15e8340d8401c4"
  integrity sha512-AOIgSQCepiJYwP3ARnGx+5VnTu2HBYdzbGP45eLw1vr3zB3vZLeyed1sC9hnbcOc9/SrMyM5RPQrkGz4aS9Zow==
  dependencies:
    is-glob "^4.0.1"

has-flag@^4.0.0:
  version "4.0.0"
  resolved "https://registry.yarnpkg.com/has-flag/-/has-flag-4.0.0.tgz#944771fd9c81c81265c4d6941860da06bb59479b"
  integrity sha512-EykJT/Q1KjTWctppgIAgfSO0tKVuZUjhgMr17kqTumMl6Afv3EISleU7qZUzoXDFTAHTDC4NOoG/ZxU3EvlMPQ==

has-symbols@^1.0.1:
  version "1.0.2"
  resolved "https://registry.yarnpkg.com/has-symbols/-/has-symbols-1.0.2.tgz#165d3070c00309752a1236a479331e3ac56f1423"
  integrity sha512-chXa79rL/UC2KlX17jo3vRGz0azaWEx5tGqZg5pO3NUyEJVB17dMruQlzCCOfUvElghKcm5194+BCRvi2Rv/Gw==

has@^1.0.3:
  version "1.0.3"
  resolved "https://registry.yarnpkg.com/has/-/has-1.0.3.tgz#722d7cbfc1f6aa8241f16dd814e011e1f41e8796"
  integrity sha512-f2dvO0VU6Oej7RkWJGrehjbzMAjFp5/VKPp5tTpWIV4JHHZK1/BxbFRtf/siA2SWTe09caDmVtYYzWEIbBS4zw==
  dependencies:
    function-bind "^1.1.1"

immutable@^4.0.0:
  version "4.0.0"
  resolved "https://registry.yarnpkg.com/immutable/-/immutable-4.0.0.tgz#b86f78de6adef3608395efb269a91462797e2c23"
  integrity sha512-zIE9hX70qew5qTUjSS7wi1iwj/l7+m54KWU247nhM3v806UdGj1yDndXj+IOYxxtW9zyLI+xqFNZjTuDaLUqFw==

is-binary-path@~2.1.0:
  version "2.1.0"
  resolved "https://registry.yarnpkg.com/is-binary-path/-/is-binary-path-2.1.0.tgz#ea1f7f3b80f064236e83470f86c09c254fb45b09"
  integrity sha512-ZMERYes6pDydyuGidse7OsHxtbI7WVeUEozgR/g7rd0xUimYNlvZRE/K2MgZTjWy725IfelLeVcEM97mmtRGXw==
  dependencies:
    binary-extensions "^2.0.0"

is-extglob@^2.1.1:
  version "2.1.1"
  resolved "https://registry.yarnpkg.com/is-extglob/-/is-extglob-2.1.1.tgz#a88c02535791f02ed37c76a1b9ea9773c833f8c2"
  integrity sha1-qIwCU1eR8C7TfHahueqXc8gz+MI=

is-fullwidth-code-point@^3.0.0:
  version "3.0.0"
  resolved "https://registry.yarnpkg.com/is-fullwidth-code-point/-/is-fullwidth-code-point-3.0.0.tgz#f116f8064fe90b3f7844a38997c0b75051269f1d"
  integrity sha512-zymm5+u+sCsSWyD9qNaejV3DFvhCKclKdizYaJUuHA83RLjb7nSuGnddCHGv0hk+KY7BMAlsWeK4Ueg6EV6XQg==

is-glob@^4.0.1, is-glob@~4.0.1:
  version "4.0.3"
  resolved "https://registry.yarnpkg.com/is-glob/-/is-glob-4.0.3.tgz#64f61e42cbbb2eec2071a9dac0b28ba1e65d5084"
  integrity sha512-xelSayHH36ZgE7ZWhli7pW34hNbNl8Ojv5KVmkJD4hBdD3th8Tfk9vYasLM+mXWOZhFkgZfxhLSnrwRr4elSSg==
  dependencies:
    is-extglob "^2.1.1"

is-number@^7.0.0:
  version "7.0.0"
  resolved "https://registry.yarnpkg.com/is-number/-/is-number-7.0.0.tgz#7535345b896734d5f80c4d06c50955527a14f12b"
  integrity sha512-41Cifkg6e8TylSpdtTpeLVMqvSBEVzTttHvERD741+pnZ8ANv0004MRL43QKPDlK9cGvNp6NZWZUBlbGXYxxng==

jose@^4.1.4, jose@^4.3.7:
  version "4.4.0"
  resolved "https://registry.yarnpkg.com/jose/-/jose-4.4.0.tgz#459954544088244836a361172eb32a704bc55c5f"
  integrity sha512-3CsqCQWuEUPpNlSLRcLRC8eO/ATFe1tLJMZCtjx2+ma1gkjGQ62HF50oWs3cwtWjLCpM8bdMPpQbxpgc3fhxrQ==

"js-tokens@^3.0.0 || ^4.0.0":
  version "4.0.0"
  resolved "https://registry.yarnpkg.com/js-tokens/-/js-tokens-4.0.0.tgz#19203fb59991df98e3a287050d4647cdeaf32499"
  integrity sha512-RdJUflcE3cUzKiMqQgsCu06FPu9UdIJO0beYbPhHN4k6apgJtifcoCtT9bcxOpYBtpD2kCM6Sbzg4CausW/PKQ==

loose-envify@^1.1.0:
  version "1.4.0"
  resolved "https://registry.yarnpkg.com/loose-envify/-/loose-envify-1.4.0.tgz#71ee51fa7be4caec1a63839f7e682d8132d30caf"
  integrity sha512-lyuxPGr/Wfhrlem2CL/UcnUc1zcqKAImBDzukY7Y5F/yQiNdko6+fRLevlw1HgMySw7f611UIY408EtxRSoK3Q==
  dependencies:
    js-tokens "^3.0.0 || ^4.0.0"

lru-cache@^6.0.0:
  version "6.0.0"
  resolved "https://registry.yarnpkg.com/lru-cache/-/lru-cache-6.0.0.tgz#6d6fe6570ebd96aaf90fcad1dafa3b2566db3a94"
  integrity sha512-Jo6dJ04CmSjuznwJSS3pUeWmd/H0ffTlkXXgwZi+eq1UCmqQwCh+eLsYOYCwY991i2Fah4h1BEMCx4qThGbsiA==
  dependencies:
    yallist "^4.0.0"

nanoid@^3.1.30:
  version "3.2.0"
  resolved "https://registry.yarnpkg.com/nanoid/-/nanoid-3.2.0.tgz#62667522da6673971cca916a6d3eff3f415ff80c"
  integrity sha512-fmsZYa9lpn69Ad5eDn7FMcnnSR+8R34W9qJEijxYhTbfOWzr22n1QxCMzXLK+ODyW2973V3Fux959iQoUxzUIA==

next-auth@^4.2.1:
  version "4.2.1"
  resolved "https://registry.yarnpkg.com/next-auth/-/next-auth-4.2.1.tgz#042e4858d9f67b4f702d3a55bae0d2f04db3cac3"
  integrity sha512-XDtt7nqevkNf4EJ2zKAKkI+MFsURf11kx11vPwxrBYA1MHeqWwaWbGOUOI2ekNTvfAg4nTEJJUH3LV2cLrH3Tg==
  dependencies:
    "@babel/runtime" "^7.16.3"
    "@panva/hkdf" "^1.0.1"
    cookie "^0.4.1"
    jose "^4.3.7"
    oauth "^0.9.15"
    openid-client "^5.1.0"
    preact "^10.6.3"
    preact-render-to-string "^5.1.19"
    uuid "^8.3.2"

next@12.0.10:
  version "12.0.10"
  resolved "https://registry.yarnpkg.com/next/-/next-12.0.10.tgz#fcc4584177418bd777ce157f3165b7ba5e7708f7"
  integrity sha512-1y3PpGzpb/EZzz1jgne+JfZXKAVJUjYXwxzrADf/LWN+8yi9o79vMLXpW3mevvCHkEF2sBnIdjzNn16TJrINUw==
  dependencies:
    "@next/env" "12.0.10"
    caniuse-lite "^1.0.30001283"
    postcss "8.4.5"
    styled-jsx "5.0.0"
    use-subscription "1.5.1"
  optionalDependencies:
    "@next/swc-android-arm64" "12.0.10"
    "@next/swc-darwin-arm64" "12.0.10"
    "@next/swc-darwin-x64" "12.0.10"
    "@next/swc-linux-arm-gnueabihf" "12.0.10"
    "@next/swc-linux-arm64-gnu" "12.0.10"
    "@next/swc-linux-arm64-musl" "12.0.10"
    "@next/swc-linux-x64-gnu" "12.0.10"
    "@next/swc-linux-x64-musl" "12.0.10"
    "@next/swc-win32-arm64-msvc" "12.0.10"
    "@next/swc-win32-ia32-msvc" "12.0.10"
    "@next/swc-win32-x64-msvc" "12.0.10"

node-abort-controller@^3.0.1:
  version "3.0.1"
  resolved "https://registry.yarnpkg.com/node-abort-controller/-/node-abort-controller-3.0.1.tgz#f91fa50b1dee3f909afabb7e261b1e1d6b0cb74e"
  integrity sha512-/ujIVxthRs+7q6hsdjHMaj8hRG9NuWmwrz+JdRwZ14jdFoKSkm+vDsCbF9PLpnSqjaWQJuTmVtcWHNLr+vrOFw==

node-fetch@2.6.7:
  version "2.6.7"
  resolved "https://registry.yarnpkg.com/node-fetch/-/node-fetch-2.6.7.tgz#24de9fba827e3b4ae44dc8b20256a379160052ad"
  integrity sha512-ZjMPFEfVx5j+y2yF35Kzx5sF7kDzxuDj6ziH4FFbOp87zKDZNx8yExJIb05OGF4Nlt9IHFIMBkRl41VdvcNdbQ==
  dependencies:
    whatwg-url "^5.0.0"

normalize-path@^3.0.0, normalize-path@~3.0.0:
  version "3.0.0"
  resolved "https://registry.yarnpkg.com/normalize-path/-/normalize-path-3.0.0.tgz#0dcd69ff23a1c9b11fd0978316644a0388216a65"
  integrity sha512-6eZs5Ls3WtCisHWp9S2GUy8dqkpGi4BVSz3GaqiE6ezub0512ESztXUwUB6C6IKbQkY2Pnb/mD4WYojCRwcwLA==

oauth@^0.9.15:
  version "0.9.15"
  resolved "https://registry.yarnpkg.com/oauth/-/oauth-0.9.15.tgz#bd1fefaf686c96b75475aed5196412ff60cfb9c1"
  integrity sha1-vR/vr2hslrdUda7VGWQS/2DPucE=

object-assign@^4.1.0, object-assign@^4.1.1:
  version "4.1.1"
  resolved "https://registry.yarnpkg.com/object-assign/-/object-assign-4.1.1.tgz#2109adc7965887cfc05cbbd442cac8bfbb360863"
  integrity sha1-IQmtx5ZYh8/AXLvUQsrIv7s2CGM=

object-hash@^2.0.1:
  version "2.2.0"
  resolved "https://registry.yarnpkg.com/object-hash/-/object-hash-2.2.0.tgz#5ad518581eefc443bd763472b8ff2e9c2c0d54a5"
  integrity sha512-gScRMn0bS5fH+IuwyIFgnh9zBdo4DV+6GhygmWM9HyNJSgS0hScp1f5vjtm7oIIOiT9trXrShAkLFSc2IqKNgw==

object-inspect@^1.9.0:
  version "1.12.0"
  resolved "https://registry.yarnpkg.com/object-inspect/-/object-inspect-1.12.0.tgz#6e2c120e868fd1fd18cb4f18c31741d0d6e776f0"
  integrity sha512-Ho2z80bVIvJloH+YzRmpZVQe87+qASmBUKZDWgx9cu+KDrX2ZDH/3tMy+gXbZETVGs2M8YdxObOh7XAtim9Y0g==

oidc-token-hash@^5.0.1:
  version "5.0.1"
  resolved "https://registry.yarnpkg.com/oidc-token-hash/-/oidc-token-hash-5.0.1.tgz#ae6beec3ec20f0fd885e5400d175191d6e2f10c6"
  integrity sha512-EvoOtz6FIEBzE+9q253HsLCVRiK/0doEJ2HCvvqMQb3dHZrP3WlJKYtJ55CRTw4jmYomzH4wkPuCj/I3ZvpKxQ==

openid-client@^5.1.0:
  version "5.1.3"
  resolved "https://registry.yarnpkg.com/openid-client/-/openid-client-5.1.3.tgz#25ef0e48929f33462028001fd4077a7ae5b3ad4d"
  integrity sha512-i5quCXurPkN50ndRLE2D3Q6khz6AieJ0gTKOmsl3G4ZIP/Udf5Qw5CMRdhMvbFvfKRrkcCWPFXmduFUFYTC0xw==
  dependencies:
    jose "^4.1.4"
    lru-cache "^6.0.0"
    object-hash "^2.0.1"
    oidc-token-hash "^5.0.1"

picocolors@^1.0.0:
  version "1.0.0"
  resolved "https://registry.yarnpkg.com/picocolors/-/picocolors-1.0.0.tgz#cb5bdc74ff3f51892236eaf79d68bc44564ab81c"
  integrity sha512-1fygroTLlHu66zi26VoTDv8yRgm0Fccecssto+MhsZ0D/DGW2sm8E8AjW7NU5VVTRt5GxbeZ5qBuJr+HyLYkjQ==

picomatch@^2.0.4, picomatch@^2.2.1:
  version "2.3.1"
  resolved "https://registry.yarnpkg.com/picomatch/-/picomatch-2.3.1.tgz#3ba3833733646d9d3e4995946c1365a67fb07a42"
  integrity sha512-JU3teHTNjmE2VCGFzuY8EXzCDVwEqB2a8fsIvwaStHhAWJEeVd1o1QD80CU6+ZdEXXSLbSsuLwJjkCBWqRQUVA==

postcss@8.4.5:
  version "8.4.5"
  resolved "https://registry.yarnpkg.com/postcss/-/postcss-8.4.5.tgz#bae665764dfd4c6fcc24dc0fdf7e7aa00cc77f95"
  integrity sha512-jBDboWM8qpaqwkMwItqTQTiFikhs/67OYVvblFFTM7MrZjt6yMKd6r2kgXizEbTTljacm4NldIlZnhbjr84QYg==
  dependencies:
    nanoid "^3.1.30"
    picocolors "^1.0.0"
    source-map-js "^1.0.1"

preact-render-to-string@^5.1.19:
  version "5.1.19"
  resolved "https://registry.yarnpkg.com/preact-render-to-string/-/preact-render-to-string-5.1.19.tgz#ffae7c3bd1680be5ecf5991d41fe3023b3051e0e"
  integrity sha512-bj8sn/oytIKO6RtOGSS/1+5CrQyRSC99eLUnEVbqUa6MzJX5dYh7wu9bmT0d6lm/Vea21k9KhCQwvr2sYN3rrQ==
  dependencies:
    pretty-format "^3.8.0"

preact@^10.6.3:
  version "10.6.5"
  resolved "https://registry.yarnpkg.com/preact/-/preact-10.6.5.tgz#726d8bd12903a0d51cdd17e2e1b90cc539403e0c"
  integrity sha512-i+LXM6JiVjQXSt2jG2vZZFapGpCuk1fl8o6ii3G84MA3xgj686FKjs4JFDkmUVhtxyq21+4ay74zqPykz9hU6w==

prettier@^2.5.1:
  version "2.5.1"
  resolved "https://registry.yarnpkg.com/prettier/-/prettier-2.5.1.tgz#fff75fa9d519c54cf0fce328c1017d94546bc56a"
  integrity sha512-vBZcPRUR5MZJwoyi3ZoyQlc1rXeEck8KgeC9AwwOn+exuxLxq5toTRDTSaVrXHxelDMHy9zlicw8u66yxoSUFg==

pretty-format@^3.8.0:
  version "3.8.0"
  resolved "https://registry.yarnpkg.com/pretty-format/-/pretty-format-3.8.0.tgz#bfbed56d5e9a776645f4b1ff7aa1a3ac4fa3c385"
  integrity sha1-v77VbV6ad2ZF9LH/eqGjrE+jw4U=

qs@^6.6.0:
  version "6.10.3"
  resolved "https://registry.yarnpkg.com/qs/-/qs-6.10.3.tgz#d6cde1b2ffca87b5aa57889816c5f81535e22e8e"
  integrity sha512-wr7M2E0OFRfIfJZjKGieI8lBKb7fRCH4Fv5KNPEs7gJ8jadvotdsS08PzOKR7opXhZ/Xkjtt3WF9g38drmyRqQ==
  dependencies:
    side-channel "^1.0.4"

react-dom@17.0.2:
  version "17.0.2"
  resolved "https://registry.yarnpkg.com/react-dom/-/react-dom-17.0.2.tgz#ecffb6845e3ad8dbfcdc498f0d0a939736502c23"
  integrity sha512-s4h96KtLDUQlsENhMn1ar8t2bEa+q/YAtj8pPPdIjPDGBDIVNsrD9aXNWqspUe6AzKCIG0C1HZZLqLV7qpOBGA==
  dependencies:
    loose-envify "^1.1.0"
    object-assign "^4.1.1"
    scheduler "^0.20.2"

react-icons@^4.3.1:
  version "4.3.1"
  resolved "https://registry.yarnpkg.com/react-icons/-/react-icons-4.3.1.tgz#2fa92aebbbc71f43d2db2ed1aed07361124e91ca"
  integrity sha512-cB10MXLTs3gVuXimblAdI71jrJx8njrJZmNMEMC+sQu5B/BIOmlsAjskdqpn81y8UBVEGuHODd7/ci5DvoSzTQ==

react@17.0.2:
  version "17.0.2"
  resolved "https://registry.yarnpkg.com/react/-/react-17.0.2.tgz#d0b5cc516d29eb3eee383f75b62864cfb6800037"
  integrity sha512-gnhPt75i/dq/z3/6q/0asP78D0u592D5L1pd7M8P+dck6Fu/jJeL6iVVK23fptSUZj8Vjf++7wXA8UNclGQcbA==
  dependencies:
    loose-envify "^1.1.0"
    object-assign "^4.1.1"

readdirp@~3.6.0:
  version "3.6.0"
  resolved "https://registry.yarnpkg.com/readdirp/-/readdirp-3.6.0.tgz#74a370bd857116e245b29cc97340cd431a02a6c7"
  integrity sha512-hOS089on8RduqdbhvQ5Z37A0ESjsqz6qnRcffsMU3495FuTdqSm+7bhJ29JvIOsBDEEnan5DPu9t3To9VRlMzA==
  dependencies:
    picomatch "^2.2.1"

regenerator-runtime@^0.13.4:
  version "0.13.9"
  resolved "https://registry.yarnpkg.com/regenerator-runtime/-/regenerator-runtime-0.13.9.tgz#8925742a98ffd90814988d7566ad30ca3b263b52"
  integrity sha512-p3VT+cOEgxFsRRA9X4lkI1E+k2/CtnKtU4gcxyaCUreilL/vqI6CdZ3wxVUx3UOUg+gnUOQQcRI7BmSI656MYA==

sass@^1.49.7:
  version "1.49.7"
  resolved "https://registry.yarnpkg.com/sass/-/sass-1.49.7.tgz#22a86a50552b9b11f71404dfad1b9ff44c6b0c49"
  integrity sha512-13dml55EMIR2rS4d/RDHHP0sXMY3+30e1TKsyXaSz3iLWVoDWEoboY8WzJd5JMnxrRHffKO3wq2mpJ0jxRJiEQ==
  dependencies:
    chokidar ">=3.0.0 <4.0.0"
    immutable "^4.0.0"
    source-map-js ">=0.6.2 <2.0.0"

scheduler@^0.20.2:
  version "0.20.2"
  resolved "https://registry.yarnpkg.com/scheduler/-/scheduler-0.20.2.tgz#4baee39436e34aa93b4874bddcbf0fe8b8b50e91"
  integrity sha512-2eWfGgAqqWFGqtdMmcL5zCMK1U8KlXv8SQFGglL3CEtd0aDVDWgeF/YoCmvln55m5zSk3J/20hTaSBeSObsQDQ==
  dependencies:
    loose-envify "^1.1.0"
    object-assign "^4.1.1"

side-channel@^1.0.4:
  version "1.0.4"
  resolved "https://registry.yarnpkg.com/side-channel/-/side-channel-1.0.4.tgz#efce5c8fdc104ee751b25c58d4290011fa5ea2cf"
  integrity sha512-q5XPytqFEIKHkGdiMIrY10mvLRvnQh42/+GoBlFW3b2LXLE2xxJpZFdm94we0BaoV3RwJyGqg5wS7epxTv0Zvw==
  dependencies:
    call-bind "^1.0.0"
    get-intrinsic "^1.0.2"
    object-inspect "^1.9.0"

"source-map-js@>=0.6.2 <2.0.0", source-map-js@^1.0.1:
  version "1.0.2"
  resolved "https://registry.yarnpkg.com/source-map-js/-/source-map-js-1.0.2.tgz#adbc361d9c62df380125e7f161f71c826f1e490c"
  integrity sha512-R0XvVJ9WusLiqTCEiGCmICCMplcCkIwwR11mOSD9CR5u+IXYdiseeEuXCVAjS54zqwkLcPNnmU4OeJ6tUrWhDw==

string-width@^4.0.0, string-width@^4.1.0, string-width@^4.2.2:
  version "4.2.3"
  resolved "https://registry.yarnpkg.com/string-width/-/string-width-4.2.3.tgz#269c7117d27b05ad2e536830a8ec895ef9c6d010"
  integrity sha512-wKyQRQpjJ0sIp62ErSZdGsjMJWsap5oRNihHhu6G7JVO/9jIB6UyevL+tXuOqrng8j/cxKTWyWUwvSTriiZz/g==
  dependencies:
    emoji-regex "^8.0.0"
    is-fullwidth-code-point "^3.0.0"
    strip-ansi "^6.0.1"

strip-ansi@^6.0.0, strip-ansi@^6.0.1:
  version "6.0.1"
  resolved "https://registry.yarnpkg.com/strip-ansi/-/strip-ansi-6.0.1.tgz#9e26c63d30f53443e9489495b2105d37b67a85d9"
  integrity sha512-Y38VPSHcqkFrCpFnQ9vuSXmquuv5oXOKpGeT6aGrr3o3Gc9AlVa6JBfUSOCnbxGGZF+/0ooI7KrPuUSztUdU5A==
  dependencies:
    ansi-regex "^5.0.1"

stripe@^8.202.0:
  version "8.202.0"
  resolved "https://registry.yarnpkg.com/stripe/-/stripe-8.202.0.tgz#884760713a690983d5a3128ea3cbeb677ee2645f"
  integrity sha512-3YGHVnUatEn/At5+aRy+REdB2IyVa96/zls2xvQrKFTgaJzRu1MsJcK0GKg0p2B0y0VqlZo9gmdDEqphSHHvtA==
  dependencies:
    "@types/node" ">=8.1.0"
    qs "^6.6.0"

styled-jsx@5.0.0:
  version "5.0.0"
  resolved "https://registry.yarnpkg.com/styled-jsx/-/styled-jsx-5.0.0.tgz#816b4b92e07b1786c6b7111821750e0ba4d26e77"
  integrity sha512-qUqsWoBquEdERe10EW8vLp3jT25s/ssG1/qX5gZ4wu15OZpmSMFI2v+fWlRhLfykA5rFtlJ1ME8A8pm/peV4WA==

supports-color@^7.1.0:
  version "7.2.0"
  resolved "https://registry.yarnpkg.com/supports-color/-/supports-color-7.2.0.tgz#1b7dcdcb32b8138801b3e478ba6a51caa89648da"
  integrity sha512-qpCAvRl9stuOHveKsn7HncJRvv501qIacKzQlO/+Lwxc9+0q2wLyv4Dfvt80/DPn2pqOBsJdDiogXGR9+OvwRw==
  dependencies:
    has-flag "^4.0.0"

to-regex-range@^5.0.1:
  version "5.0.1"
  resolved "https://registry.yarnpkg.com/to-regex-range/-/to-regex-range-5.0.1.tgz#1648c44aae7c8d988a326018ed72f5b4dd0392e4"
  integrity sha512-65P7iz6X5yEr1cwcgvQxbbIw7Uk3gOy5dIdtZ4rDveLqhrdJP+Li/Hx6tyK0NEb+2GCyneCMJiGqrADCSNk8sQ==
  dependencies:
    is-number "^7.0.0"

tr46@~0.0.3:
  version "0.0.3"
  resolved "https://registry.yarnpkg.com/tr46/-/tr46-0.0.3.tgz#8184fd347dac9cdc185992f3a6622e14b9d9ab6a"
  integrity sha1-gYT9NH2snNwYWZLzpmIuFLnZq2o=

type-fest@^0.20.2:
  version "0.20.2"
  resolved "https://registry.yarnpkg.com/type-fest/-/type-fest-0.20.2.tgz#1bf207f4b28f91583666cb5fbd327887301cd5f4"
  integrity sha512-Ne+eE4r0/iWnpAxD852z3A+N0Bt5RN//NjJwRd2VFHEmrywxf5vsZlh4R6lixl6B+wz/8d+maTSAkN1FIkI3LQ==

typescript@^4.5.5:
  version "4.5.5"
  resolved "https://registry.yarnpkg.com/typescript/-/typescript-4.5.5.tgz#d8c953832d28924a9e3d37c73d729c846c5896f3"
  integrity sha512-TCTIul70LyWe6IJWT8QSYeA54WQe8EjQFU4wY52Fasj5UKx88LNYKCgBEHcOMOrFF1rKGbD8v/xcNWVUq9SymA==

use-subscription@1.5.1:
  version "1.5.1"
  resolved "https://registry.yarnpkg.com/use-subscription/-/use-subscription-1.5.1.tgz#73501107f02fad84c6dd57965beb0b75c68c42d1"
  integrity sha512-Xv2a1P/yReAjAbhylMfFplFKj9GssgTwN7RlcTxBujFQcloStWNDQdc4g4NRWH9xS4i/FDk04vQBptAXoF3VcA==
  dependencies:
    object-assign "^4.1.1"

util-deprecate@^1.0.2:
  version "1.0.2"
  resolved "https://registry.yarnpkg.com/util-deprecate/-/util-deprecate-1.0.2.tgz#450d4dc9fa70de732762fbd2d4a28981419a0ccf"
  integrity sha1-RQ1Nyfpw3nMnYvvS1KKJgUGaDM8=

uuid@^8.3.2:
  version "8.3.2"
  resolved "https://registry.yarnpkg.com/uuid/-/uuid-8.3.2.tgz#80d5b5ced271bb9af6c445f21a1a04c606cefbe2"
  integrity sha512-+NYs2QeMWy+GWFOEm9xnn6HCDp0l7QBD7ml8zLUmJ+93Q5NF0NocErnwkTkXVFNiX3/fpC6afS8Dhb/gz7R7eg==

webidl-conversions@^3.0.0:
  version "3.0.1"
  resolved "https://registry.yarnpkg.com/webidl-conversions/-/webidl-conversions-3.0.1.tgz#24534275e2a7bc6be7bc86611cc16ae0a5654871"
  integrity sha1-JFNCdeKnvGvnvIZhHMFq4KVlSHE=

whatwg-url@^5.0.0:
  version "5.0.0"
  resolved "https://registry.yarnpkg.com/whatwg-url/-/whatwg-url-5.0.0.tgz#966454e8765462e37644d3626f6742ce8b70965d"
  integrity sha1-lmRU6HZUYuN2RNNib2dCzotwll0=
  dependencies:
    tr46 "~0.0.3"
    webidl-conversions "^3.0.0"

widest-line@^3.1.0:
  version "3.1.0"
  resolved "https://registry.yarnpkg.com/widest-line/-/widest-line-3.1.0.tgz#8292333bbf66cb45ff0de1603b136b7ae1496eca"
  integrity sha512-NsmoXalsWVDMGupxZ5R08ka9flZjjiLvHVAWYOKtiKM8ujtZWr9cRffak+uSE48+Ob8ObalXpwyeUiyDD6QFgg==
  dependencies:
    string-width "^4.0.0"

wrap-ansi@^7.0.0:
  version "7.0.0"
  resolved "https://registry.yarnpkg.com/wrap-ansi/-/wrap-ansi-7.0.0.tgz#67e145cff510a6a6984bdf1152911d69d2eb9e43"
  integrity sha512-YVGIj2kamLSTxw6NsZjoBxfSwsn0ycdesmc4p+Q21c5zPuZ1pl+NfxVdxPtdHvmNVOQ6XSYG4AUtyt/Fi7D16Q==
  dependencies:
    ansi-styles "^4.0.0"
    string-width "^4.1.0"
    strip-ansi "^6.0.0"

yallist@^4.0.0:
  version "4.0.0"
  resolved "https://registry.yarnpkg.com/yallist/-/yallist-4.0.0.tgz#9bb92790d9c0effec63be73519e11a35019a3a72"
  integrity sha512-3wdGidZyq5PB084XLES5TpOSRA3wjXAlIWMhum2kRcv/41Sn2emQ0dycQW4uZXLejwKvg6EsvbdlVL+FYEct7A==
